
Microsoft Visual Studio Solution File, Format Version 12.00
# Visual Studio Version 17
VisualStudioVersion = 17.1.32104.313
MinimumVisualStudioVersion = 10.0.40219.1
Project("{FAE04EC0-301F-11D3-BF4B-00C04F79EFBC}") = "ConsoleBot", "ConsoleBot\ConsoleBot.csproj", "{34559C07-DCE7-4D6C-B25E-77D7DDF43F20}"
EndProject
Project("{FAE04EC0-301F-11D3-BF4B-00C04F79EFBC}") = "AngularBot", "AngularBot\AngularBot.csproj", "{606B93E2-F151-400E-97E0-C2C1202DCA53}"
EndProject
Project("{FAE04EC0-301F-11D3-BF4B-00C04F79EFBC}") = "ServiceBot", "ServiceBot\ServiceBot.csproj", "{7C3A27BD-94AC-470F-90AF-6DAAC91E071C}"
EndProject
Global
	GlobalSection(SolutionConfigurationPlatforms) = preSolution
		Debug|Any CPU = Debug|Any CPU
		Release|Any CPU = Release|Any CPU
	EndGlobalSection
	GlobalSection(ProjectConfigurationPlatforms) = postSolution
		{34559C07-DCE7-4D6C-B25E-77D7DDF43F20}.Debug|Any CPU.ActiveCfg = Debug|Any CPU
		{34559C07-DCE7-4D6C-B25E-77D7DDF43F20}.Debug|Any CPU.Build.0 = Debug|Any CPU
		{34559C07-DCE7-4D6C-B25E-77D7DDF43F20}.Release|Any CPU.ActiveCfg = Release|Any CPU
		{34559C07-DCE7-4D6C-B25E-77D7DDF43F20}.Release|Any CPU.Build.0 = Release|Any CPU
		{606B93E2-F151-400E-97E0-C2C1202DCA53}.Debug|Any CPU.ActiveCfg = Debug|Any CPU
		{606B93E2-F151-400E-97E0-C2C1202DCA53}.Debug|Any CPU.Build.0 = Debug|Any CPU
		{606B93E2-F151-400E-97E0-C2C1202DCA53}.Release|Any CPU.ActiveCfg = Release|Any CPU
		{606B93E2-F151-400E-97E0-C2C1202DCA53}.Release|Any CPU.Build.0 = Release|Any CPU
		{7C3A27BD-94AC-470F-90AF-6DAAC91E071C}.Debug|Any CPU.ActiveCfg = Debug|Any CPU
		{7C3A27BD-94AC-470F-90AF-6DAAC91E071C}.Debug|Any CPU.Build.0 = Debug|Any CPU
		{7C3A27BD-94AC-470F-90AF-6DAAC91E071C}.Release|Any CPU.ActiveCfg = Release|Any CPU
		{7C3A27BD-94AC-470F-90AF-6DAAC91E071C}.Release|Any CPU.Build.0 = Release|Any CPU
	EndGlobalSection
	GlobalSection(SolutionProperties) = preSolution
		HideSolutionNode = FALSE
	EndGlobalSection
	GlobalSection(ExtensibilityGlobals) = postSolution
		SolutionGuid = {668A458A-6DC8-4317-B15E-89B9A1684E33}
	EndGlobalSection
EndGlobal
